
Microsoft Visual Studio Solution File, Format Version 12.00
# Visual Studio Version 16
VisualStudioVersion = 16.0.32929.386
MinimumVisualStudioVersion = 10.0.40219.1
Project("{FAE04EC0-301F-11D3-BF4B-00C04F79EFBC}") = "Bank", "Bank\Bank.csproj", "{53EC4540-AAB4-4049-9D9A-E422683CDAE1}"
EndProject
Project("{FAE04EC0-301F-11D3-BF4B-00C04F79EFBC}") = "BankTests", "BankTests\BankTests.csproj", "{4A115B14-46A1-4EC5-8A8E-F21D84C2EBDE}"
EndProject
Global
	GlobalSection(SolutionConfigurationPlatforms) = preSolution
		Debug|Any CPU = Debug|Any CPU
		Release|Any CPU = Release|Any CPU
	EndGlobalSection
	GlobalSection(ProjectConfigurationPlatforms) = postSolution
		{53EC4540-AAB4-4049-9D9A-E422683CDAE1}.Debug|Any CPU.ActiveCfg = Debug|Any CPU
		{53EC4540-AAB4-4049-9D9A-E422683CDAE1}.Debug|Any CPU.Build.0 = Debug|Any CPU
		{53EC4540-AAB4-4049-9D9A-E422683CDAE1}.Release|Any CPU.ActiveCfg = Release|Any CPU
		{53EC4540-AAB4-4049-9D9A-E422683CDAE1}.Release|Any CPU.Build.0 = Release|Any CPU
		{4A115B14-46A1-4EC5-8A8E-F21D84C2EBDE}.Debug|Any CPU.ActiveCfg = Debug|Any CPU
		{4A115B14-46A1-4EC5-8A8E-F21D84C2EBDE}.Debug|Any CPU.Build.0 = Debug|Any CPU
		{4A115B14-46A1-4EC5-8A8E-F21D84C2EBDE}.Release|Any CPU.ActiveCfg = Release|Any CPU
		{4A115B14-46A1-4EC5-8A8E-F21D84C2EBDE}.Release|Any CPU.Build.0 = Release|Any CPU
	EndGlobalSection
	GlobalSection(SolutionProperties) = preSolution
		HideSolutionNode = FALSE
	EndGlobalSection
	GlobalSection(ExtensibilityGlobals) = postSolution
		SolutionGuid = {8EC2E8D9-56FD-4E59-9520-59C921FC286C}
	EndGlobalSection
EndGlobal
